
Microsoft Visual Studio Solution File, Format Version 12.00
# Visual Studio Version 16
VisualStudioVersion = 16.0.31205.134
MinimumVisualStudioVersion = 10.0.40219.1
Project("{FAE04EC0-301F-11D3-BF4B-00C04F79EFBC}") = "KamilKohoutek.ComicViewer.Wpf", "Wpf\KamilKohoutek.ComicViewer.Wpf.csproj", "{4499A775-C75B-4615-AE8D-85A2AF00693B}"
EndProject
Project("{FAE04EC0-301F-11D3-BF4B-00C04F79EFBC}") = "KamilKohoutek.ComicViewer.Core", "Core\KamilKohoutek.ComicViewer.Core.csproj", "{5D97D8E1-5747-43B6-8B74-603D02178DA4}"
EndProject
Global
	GlobalSection(SolutionConfigurationPlatforms) = preSolution
		Debug|Any CPU = Debug|Any CPU
		Release|Any CPU = Release|Any CPU
	EndGlobalSection
	GlobalSection(ProjectConfigurationPlatforms) = postSolution
		{4499A775-C75B-4615-AE8D-85A2AF00693B}.Debug|Any CPU.ActiveCfg = Debug|Any CPU
		{4499A775-C75B-4615-AE8D-85A2AF00693B}.Debug|Any CPU.Build.0 = Debug|Any CPU
		{4499A775-C75B-4615-AE8D-85A2AF00693B}.Release|Any CPU.ActiveCfg = Release|Any CPU
		{4499A775-C75B-4615-AE8D-85A2AF00693B}.Release|Any CPU.Build.0 = Release|Any CPU
		{5D97D8E1-5747-43B6-8B74-603D02178DA4}.Debug|Any CPU.ActiveCfg = Debug|Any CPU
		{5D97D8E1-5747-43B6-8B74-603D02178DA4}.Debug|Any CPU.Build.0 = Debug|Any CPU
		{5D97D8E1-5747-43B6-8B74-603D02178DA4}.Release|Any CPU.ActiveCfg = Release|Any CPU
		{5D97D8E1-5747-43B6-8B74-603D02178DA4}.Release|Any CPU.Build.0 = Release|Any CPU
	EndGlobalSection
	GlobalSection(SolutionProperties) = preSolution
		HideSolutionNode = FALSE
	EndGlobalSection
	GlobalSection(ExtensibilityGlobals) = postSolution
		SolutionGuid = {C0E3A4B1-488B-4B4B-AAEB-0A1AC3CE8331}
	EndGlobalSection
EndGlobal
